
Microsoft Visual Studio Solution File, Format Version 12.00
# Visual Studio 2013
VisualStudioVersion = 12.0.40629.0
MinimumVisualStudioVersion = 10.0.40219.1
Project("{FAE04EC0-301F-11D3-BF4B-00C04F79EFBC}") = "Administratoro.DAL", "Administratoro.DAL\Administratoro.DAL.csproj", "{29865747-D54E-41F2-913E-A8DD273237B2}"
EndProject
Project("{FAE04EC0-301F-11D3-BF4B-00C04F79EFBC}") = "Administratoro.BL", "Administratoro.BL\Administratoro.BL.csproj", "{1E5A49D9-E5B1-46C8-86A1-F7E2281B2912}"
EndProject
Project("{FAE04EC0-301F-11D3-BF4B-00C04F79EFBC}") = "Admin", "Administratoro.Admin\Admin.csproj", "{96E4010B-36E6-4A47-8D3D-6D790A1582A1}"
EndProject
Project("{2150E333-8FDC-42A3-9474-1A3956D46DE8}") = ".nuget", ".nuget", "{DA3B6793-5AF2-4AC4-8506-754C6530D0BD}"
	ProjectSection(SolutionItems) = preProject
		.nuget\NuGet.Config = .nuget\NuGet.Config
		.nuget\NuGet.exe = .nuget\NuGet.exe
		.nuget\NuGet.targets = .nuget\NuGet.targets
	EndProjectSection
EndProject
Project("{FAE04EC0-301F-11D3-BF4B-00C04F79EFBC}") = "Toolbox.Email", "Toolbox.Email\Toolbox.Email.csproj", "{3A5E5DF2-3B9B-4426-8094-CF9A7EC9EE24}"
EndProject
Project("{FAE04EC0-301F-11D3-BF4B-00C04F79EFBC}") = "Administratoro.Public", "Administratoro.Public\Administratoro.Public.csproj", "{F3E1FFF4-1C87-48B5-BF89-891730B45928}"
EndProject
Project("{FAE04EC0-301F-11D3-BF4B-00C04F79EFBC}") = "Toolbox.DocumentGenerator", "Toolbox.DocumentGenerator\Toolbox.DocumentGenerator.csproj", "{CE2B3870-0896-456E-82E6-14A11F88685A}"
EndProject
Global
	GlobalSection(SolutionConfigurationPlatforms) = preSolution
		Debug|Any CPU = Debug|Any CPU
		Release|Any CPU = Release|Any CPU
	EndGlobalSection
	GlobalSection(ProjectConfigurationPlatforms) = postSolution
		{29865747-D54E-41F2-913E-A8DD273237B2}.Debug|Any CPU.ActiveCfg = Debug|Any CPU
		{29865747-D54E-41F2-913E-A8DD273237B2}.Debug|Any CPU.Build.0 = Debug|Any CPU
		{29865747-D54E-41F2-913E-A8DD273237B2}.Release|Any CPU.ActiveCfg = Release|Any CPU
		{29865747-D54E-41F2-913E-A8DD273237B2}.Release|Any CPU.Build.0 = Release|Any CPU
		{1E5A49D9-E5B1-46C8-86A1-F7E2281B2912}.Debug|Any CPU.ActiveCfg = Debug|Any CPU
		{1E5A49D9-E5B1-46C8-86A1-F7E2281B2912}.Debug|Any CPU.Build.0 = Debug|Any CPU
		{1E5A49D9-E5B1-46C8-86A1-F7E2281B2912}.Release|Any CPU.ActiveCfg = Release|Any CPU
		{1E5A49D9-E5B1-46C8-86A1-F7E2281B2912}.Release|Any CPU.Build.0 = Release|Any CPU
		{96E4010B-36E6-4A47-8D3D-6D790A1582A1}.Debug|Any CPU.ActiveCfg = Debug|Any CPU
		{96E4010B-36E6-4A47-8D3D-6D790A1582A1}.Debug|Any CPU.Build.0 = Debug|Any CPU
		{96E4010B-36E6-4A47-8D3D-6D790A1582A1}.Release|Any CPU.ActiveCfg = Release|Any CPU
		{96E4010B-36E6-4A47-8D3D-6D790A1582A1}.Release|Any CPU.Build.0 = Release|Any CPU
		{3A5E5DF2-3B9B-4426-8094-CF9A7EC9EE24}.Debug|Any CPU.ActiveCfg = Debug|Any CPU
		{3A5E5DF2-3B9B-4426-8094-CF9A7EC9EE24}.Debug|Any CPU.Build.0 = Debug|Any CPU
		{3A5E5DF2-3B9B-4426-8094-CF9A7EC9EE24}.Release|Any CPU.ActiveCfg = Release|Any CPU
		{3A5E5DF2-3B9B-4426-8094-CF9A7EC9EE24}.Release|Any CPU.Build.0 = Release|Any CPU
		{F3E1FFF4-1C87-48B5-BF89-891730B45928}.Debug|Any CPU.ActiveCfg = Debug|Any CPU
		{F3E1FFF4-1C87-48B5-BF89-891730B45928}.Debug|Any CPU.Build.0 = Debug|Any CPU
		{F3E1FFF4-1C87-48B5-BF89-891730B45928}.Release|Any CPU.ActiveCfg = Release|Any CPU
		{F3E1FFF4-1C87-48B5-BF89-891730B45928}.Release|Any CPU.Build.0 = Release|Any CPU
		{CE2B3870-0896-456E-82E6-14A11F88685A}.Debug|Any CPU.ActiveCfg = Debug|Any CPU
		{CE2B3870-0896-456E-82E6-14A11F88685A}.Debug|Any CPU.Build.0 = Debug|Any CPU
		{CE2B3870-0896-456E-82E6-14A11F88685A}.Release|Any CPU.ActiveCfg = Release|Any CPU
		{CE2B3870-0896-456E-82E6-14A11F88685A}.Release|Any CPU.Build.0 = Release|Any CPU
	EndGlobalSection
	GlobalSection(SolutionProperties) = preSolution
		HideSolutionNode = FALSE
	EndGlobalSection
EndGlobal
